
Microsoft Visual Studio Solution File, Format Version 12.00
# Visual Studio Version 16
VisualStudioVersion = 16.0.30611.23
MinimumVisualStudioVersion = 10.0.40219.1
Project("{9A19103F-16F7-4668-BE54-9A1E7A4F7556}") = "PigLatinCapstone", "PigLatinCapstone\PigLatinCapstone.csproj", "{74CB8CBB-B320-48CE-B082-B770B00382CF}"
EndProject
Global
	GlobalSection(SolutionConfigurationPlatforms) = preSolution
		Debug|Any CPU = Debug|Any CPU
		Release|Any CPU = Release|Any CPU
	EndGlobalSection
	GlobalSection(ProjectConfigurationPlatforms) = postSolution
		{74CB8CBB-B320-48CE-B082-B770B00382CF}.Debug|Any CPU.ActiveCfg = Debug|Any CPU
		{74CB8CBB-B320-48CE-B082-B770B00382CF}.Debug|Any CPU.Build.0 = Debug|Any CPU
		{74CB8CBB-B320-48CE-B082-B770B00382CF}.Release|Any CPU.ActiveCfg = Release|Any CPU
		{74CB8CBB-B320-48CE-B082-B770B00382CF}.Release|Any CPU.Build.0 = Release|Any CPU
	EndGlobalSection
	GlobalSection(SolutionProperties) = preSolution
		HideSolutionNode = FALSE
	EndGlobalSection
	GlobalSection(ExtensibilityGlobals) = postSolution
		SolutionGuid = {8CE1233B-33A4-44CF-BD13-9C0048C68957}
	EndGlobalSection
EndGlobal
